<?xml version="1.0" encoding="utf-8"?>
<Project ToolsVersion="4.0" xmlns="http://schemas.microsoft.com/developer/msbuild/2003">
  <ItemGroup>
    <Filter Include="Source Files">
      <UniqueIdentifier>{4FC737F1-C7A5-4376-A066-2A32D752A2FF}</UniqueIdentifier>
      <Extensions>cpp;c;cc;cxx;c++;cppm;ixx;def;odl;idl;hpj;bat;asm;asmx</Extensions>
    </Filter>
    <Filter Include="Header Files">
      <UniqueIdentifier>{93995380-89BD-4b04-88EB-625FBE52EBFB}</UniqueIdentifier>
      <Extensions>h;hh;hpp;hxx;h++;hm;inl;inc;ipp;xsd</Extensions>
    </Filter>
    <Filter Include="Resource Files">
      <UniqueIdentifier>{67DA6AB6-F800-4c08-8B7A-83BB121AAD01}</UniqueIdentifier>
      <Extensions>rc;ico;cur;bmp;dlg;rc2;rct;bin;rgs;gif;jpg;jpeg;jpe;resx;tiff;tif;png;wav;mfcribbon-ms</Extensions>
    </Filter>
  </ItemGroup>
  <ItemGroup>
    <ClInclude Include="ViewController.h">
      <Filter>Header Files</Filter>
    </ClInclude>
    <ClInclude Include="Allegro5Exception.hpp">
      <Filter>Header Files</Filter>
    </ClInclude>
    <ClInclude Include="AudioHelper.hpp">
      <Filter>Header Files</Filter>
    </ClInclude>
    <ClInclude Include="Bullet.hpp">
      <Filter>Header Files</Filter>
    </ClInclude>
    <ClInclude Include="Collider.hpp">
      <Filter>Header Files</Filter>
    </ClInclude>
    <ClInclude Include="DirtyEffect.hpp">
      <Filter>Header Files</Filter>
    </ClInclude>
    <ClInclude Include="ExplosionEffect.hpp">
      <Filter>Header Files</Filter>
    </ClInclude>
    <ClInclude Include="GameEngine.hpp">
      <Filter>Header Files</Filter>
    </ClInclude>
    <ClInclude Include="Group.hpp">
      <Filter>Header Files</Filter>
    </ClInclude>
    <ClInclude Include="IControl.hpp">
      <Filter>Header Files</Filter>
    </ClInclude>
    <ClInclude Include="Image.hpp">
      <Filter>Header Files</Filter>
    </ClInclude>
    <ClInclude Include="ImageButton.hpp">
      <Filter>Header Files</Filter>
    </ClInclude>
    <ClInclude Include="IObject.hpp">
      <Filter>Header Files</Filter>
    </ClInclude>
    <ClInclude Include="IScene.hpp">
      <Filter>Header Files</Filter>
    </ClInclude>
    <ClInclude Include="Label.hpp">
      <Filter>Header Files</Filter>
    </ClInclude>
    <ClInclude Include="LOG.hpp">
      <Filter>Header Files</Filter>
    </ClInclude>
    <ClInclude Include="LoseScene.hpp">
      <Filter>Header Files</Filter>
    </ClInclude>
    <ClInclude Include="Plane.hpp">
      <Filter>Header Files</Filter>
    </ClInclude>
    <ClInclude Include="PlayScene.hpp">
      <Filter>Header Files</Filter>
    </ClInclude>
    <ClInclude Include="PlugGunTurret.hpp">
      <Filter>Header Files</Filter>
    </ClInclude>
    <ClInclude Include="Point.hpp">
      <Filter>Header Files</Filter>
    </ClInclude>
    <ClInclude Include="RedNormalEnemy.hpp">
      <Filter>Header Files</Filter>
    </ClInclude>
    <ClInclude Include="Resources.hpp">
      <Filter>Header Files</Filter>
    </ClInclude>
    <ClInclude Include="Slider.hpp">
      <Filter>Header Files</Filter>
    </ClInclude>
    <ClInclude Include="Sprite.hpp">
      <Filter>Header Files</Filter>
    </ClInclude>
    <ClInclude Include="StageSelectScene.hpp">
      <Filter>Header Files</Filter>
    </ClInclude>
    <ClInclude Include="StartScene.hpp">
      <Filter>Header Files</Filter>
    </ClInclude>
    <ClInclude Include="Turret.hpp">
      <Filter>Header Files</Filter>
    </ClInclude>
    <ClInclude Include="TurretButton.hpp">
      <Filter>Header Files</Filter>
    </ClInclude>
    <ClInclude Include="WinScene.hpp">
      <Filter>Header Files</Filter>
    </ClInclude>
    <ClInclude Include="WoodBullet.hpp">
      <Filter>Header Files</Filter>
    </ClInclude>
    <ClInclude Include="SettingScene.hpp">
      <Filter>Header Files</Filter>
    </ClInclude>
    <ClInclude Include="SlowGunTurret.hpp">
      <Filter>Header Files</Filter>
    </ClInclude>
    <ClInclude Include="SlowGunBullet.hpp">
      <Filter>Header Files</Filter>
    </ClInclude>
    <ClInclude Include="Shovel.hpp">
      <Filter>Header Files</Filter>
    </ClInclude>
    <ClInclude Include="Shifter.hpp">
      <Filter>Header Files</Filter>
    </ClInclude>
    <ClInclude Include="SlowGunUpgrade.hpp">
      <Filter>Header Files</Filter>
    </ClInclude>
    <ClInclude Include="DiceEnemy.hpp">
      <Filter>Header Files</Filter>
    </ClInclude>
    <ClInclude Include="Dice2Enemy.hpp">
      <Filter>Header Files</Filter>
    </ClInclude>
    <ClInclude Include="Enemy.hpp">
      <Filter>Header Files</Filter>
    </ClInclude>
  </ItemGroup>
  <ItemGroup>
    <ClCompile Include="Allegro5Exception.cpp">
      <Filter>Source Files</Filter>
    </ClCompile>
    <ClCompile Include="AudioHelper.cpp">
      <Filter>Source Files</Filter>
    </ClCompile>
    <ClCompile Include="Bullet.cpp">
      <Filter>Source Files</Filter>
    </ClCompile>
    <ClCompile Include="Collider.cpp">
      <Filter>Source Files</Filter>
    </ClCompile>
    <ClCompile Include="DirtyEffect.cpp">
      <Filter>Source Files</Filter>
    </ClCompile>
    <ClCompile Include="ExplosionEffect.cpp">
      <Filter>Source Files</Filter>
    </ClCompile>
    <ClCompile Include="GameEngine.cpp">
      <Filter>Source Files</Filter>
    </ClCompile>
    <ClCompile Include="Group.cpp">
      <Filter>Source Files</Filter>
    </ClCompile>
    <ClCompile Include="IControl.cpp">
      <Filter>Source Files</Filter>
    </ClCompile>
    <ClCompile Include="Image.cpp">
      <Filter>Source Files</Filter>
    </ClCompile>
    <ClCompile Include="ImageButton.cpp">
      <Filter>Source Files</Filter>
    </ClCompile>
    <ClCompile Include="IObject.cpp">
      <Filter>Source Files</Filter>
    </ClCompile>
    <ClCompile Include="IScene.cpp">
      <Filter>Source Files</Filter>
    </ClCompile>
    <ClCompile Include="Label.cpp">
      <Filter>Source Files</Filter>
    </ClCompile>
    <ClCompile Include="LOG.cpp">
      <Filter>Source Files</Filter>
    </ClCompile>
    <ClCompile Include="LoseScene.cpp">
      <Filter>Source Files</Filter>
    </ClCompile>
    <ClCompile Include="main.cpp">
      <Filter>Source Files</Filter>
    </ClCompile>
    <ClCompile Include="Plane.cpp">
      <Filter>Source Files</Filter>
    </ClCompile>
    <ClCompile Include="PlayScene.cpp">
      <Filter>Source Files</Filter>
    </ClCompile>
    <ClCompile Include="PlugGunTurret.cpp">
      <Filter>Source Files</Filter>
    </ClCompile>
    <ClCompile Include="Point.cpp">
      <Filter>Source Files</Filter>
    </ClCompile>
    <ClCompile Include="RedNormalEnemy.cpp">
      <Filter>Source Files</Filter>
    </ClCompile>
    <ClCompile Include="Resources.cpp">
      <Filter>Source Files</Filter>
    </ClCompile>
    <ClCompile Include="Slider.cpp">
      <Filter>Source Files</Filter>
    </ClCompile>
    <ClCompile Include="Sprite.cpp">
      <Filter>Source Files</Filter>
    </ClCompile>
    <ClCompile Include="StageSelectScene.cpp">
      <Filter>Source Files</Filter>
    </ClCompile>
    <ClCompile Include="StartScene.cpp">
      <Filter>Source Files</Filter>
    </ClCompile>
    <ClCompile Include="Turret.cpp">
      <Filter>Source Files</Filter>
    </ClCompile>
    <ClCompile Include="TurretButton.cpp">
      <Filter>Source Files</Filter>
    </ClCompile>
    <ClCompile Include="WinScene.cpp">
      <Filter>Source Files</Filter>
    </ClCompile>
    <ClCompile Include="WoodBullet.cpp">
      <Filter>Source Files</Filter>
    </ClCompile>
    <ClCompile Include="SettingScene.cpp">
      <Filter>Source Files</Filter>
    </ClCompile>
    <ClCompile Include="SlowGunTurret.cpp">
      <Filter>Source Files</Filter>
    </ClCompile>
    <ClCompile Include="SlowGunBullet.cpp">
      <Filter>Source Files</Filter>
    </ClCompile>
    <ClCompile Include="Shovel.cpp">
      <Filter>Source Files</Filter>
    </ClCompile>
    <ClCompile Include="Shifter.cpp">
      <Filter>Source Files</Filter>
    </ClCompile>
    <ClCompile Include="SlowGunUpgrade.cpp">
      <Filter>Source Files</Filter>
    </ClCompile>
    <ClCompile Include="DiceEnemy.cpp">
      <Filter>Source Files</Filter>
    </ClCompile>
    <ClCompile Include="Dice2Enemy.cpp">
      <Filter>Source Files</Filter>
    </ClCompile>
    <ClCompile Include="Enemy.cpp">
      <Filter>Source Files</Filter>
    </ClCompile>
  </ItemGroup>
  <ItemGroup>
    <None Include="packages.config" />
  </ItemGroup>
</Project>